// !$*UTF8*$!
{
	archiveVersion = 1;
	classes = {
	};
	objectVersion = 50;
	objects = {

/* Begin PBXBuildFile section */
		2B86F9A721903EFC00088360 /* NewItemViewController.swift in Sources */ = {isa = PBXBuildFile; fileRef = 2B86F9A621903EFC00088360 /* NewItemViewController.swift */; };
		2B8DDEC1218C1C650078AA67 /* AppDelegate.swift in Sources */ = {isa = PBXBuildFile; fileRef = 2B8DDEC0218C1C650078AA67 /* AppDelegate.swift */; };
		2B8DDEC6218C1C650078AA67 /* Main.storyboard in Resources */ = {isa = PBXBuildFile; fileRef = 2B8DDEC4218C1C650078AA67 /* Main.storyboard */; };
		2B8DDEC9218C1C650078AA67 /* CollectionViewWithSectionsDemo.xcdatamodeld in Sources */ = {isa = PBXBuildFile; fileRef = 2B8DDEC7218C1C650078AA67 /* CollectionViewWithSectionsDemo.xcdatamodeld */; };
		2B8DDECB218C1C670078AA67 /* Assets.xcassets in Resources */ = {isa = PBXBuildFile; fileRef = 2B8DDECA218C1C670078AA67 /* Assets.xcassets */; };
		2B8DDECE218C1C670078AA67 /* LaunchScreen.storyboard in Resources */ = {isa = PBXBuildFile; fileRef = 2B8DDECC218C1C670078AA67 /* LaunchScreen.storyboard */; };
		2B8DDED6218C1CAB0078AA67 /* MainCollectionViewController.swift in Sources */ = {isa = PBXBuildFile; fileRef = 2B8DDED5218C1CAB0078AA67 /* MainCollectionViewController.swift */; };
		2B8DDED8218C1D8E0078AA67 /* CollectionViewCell.swift in Sources */ = {isa = PBXBuildFile; fileRef = 2B8DDED7218C1D8E0078AA67 /* CollectionViewCell.swift */; };
		2B8DDEDB218C20C80078AA67 /* Item+CoreDataClass.swift in Sources */ = {isa = PBXBuildFile; fileRef = 2B8DDED9218C20C80078AA67 /* Item+CoreDataClass.swift */; };
		2B8DDEDC218C20C80078AA67 /* Item+CoreDataProperties.swift in Sources */ = {isa = PBXBuildFile; fileRef = 2B8DDEDA218C20C80078AA67 /* Item+CoreDataProperties.swift */; };
		2B8DDEDF218C21230078AA67 /* Items.plist in Resources */ = {isa = PBXBuildFile; fileRef = 2B8DDEDE218C21230078AA67 /* Items.plist */; };
		2B8DDEE1218C28650078AA67 /* CollectionReusableView.swift in Sources */ = {isa = PBXBuildFile; fileRef = 2B8DDEE0218C28650078AA67 /* CollectionReusableView.swift */; };
		A3269B66219249CF00567C44 /* ItemsArray.swift in Sources */ = {isa = PBXBuildFile; fileRef = A3269B65219249CF00567C44 /* ItemsArray.swift */; };
		EFEF760E444FFA7496B62293 /* Pods_CollectionViewWithSectionsDemo.framework in Frameworks */ = {isa = PBXBuildFile; fileRef = 502FC677A03610195FD39E00 /* Pods_CollectionViewWithSectionsDemo.framework */; };
/* End PBXBuildFile section */

/* Begin PBXFileReference section */
		1BC917D0304FEC52DF688C6D /* Pods-CollectionViewWithSectionsDemo.release.xcconfig */ = {isa = PBXFileReference; includeInIndex = 1; lastKnownFileType = text.xcconfig; name = "Pods-CollectionViewWithSectionsDemo.release.xcconfig"; path = "Pods/Target Support Files/Pods-CollectionViewWithSectionsDemo/Pods-CollectionViewWithSectionsDemo.release.xcconfig"; sourceTree = "<group>"; };
		2B86F9A621903EFC00088360 /* NewItemViewController.swift */ = {isa = PBXFileReference; lastKnownFileType = sourcecode.swift; path = NewItemViewController.swift; sourceTree = "<group>"; };
		2B8DDEBD218C1C650078AA67 /* CollectionViewWithSectionsDemo.app */ = {isa = PBXFileReference; explicitFileType = wrapper.application; includeInIndex = 0; path = CollectionViewWithSectionsDemo.app; sourceTree = BUILT_PRODUCTS_DIR; };
		2B8DDEC0218C1C650078AA67 /* AppDelegate.swift */ = {isa = PBXFileReference; lastKnownFileType = sourcecode.swift; path = AppDelegate.swift; sourceTree = "<group>"; };
		2B8DDEC5218C1C650078AA67 /* Base */ = {isa = PBXFileReference; lastKnownFileType = file.storyboard; name = Base; path = Base.lproj/Main.storyboard; sourceTree = "<group>"; };
		2B8DDEC8218C1C650078AA67 /* CollectionViewWithSectionsDemo.xcdatamodel */ = {isa = PBXFileReference; lastKnownFileType = wrapper.xcdatamodel; path = CollectionViewWithSectionsDemo.xcdatamodel; sourceTree = "<group>"; };
		2B8DDECA218C1C670078AA67 /* Assets.xcassets */ = {isa = PBXFileReference; lastKnownFileType = folder.assetcatalog; path = Assets.xcassets; sourceTree = "<group>"; };
		2B8DDECD218C1C670078AA67 /* Base */ = {isa = PBXFileReference; lastKnownFileType = file.storyboard; name = Base; path = Base.lproj/LaunchScreen.storyboard; sourceTree = "<group>"; };
		2B8DDECF218C1C670078AA67 /* Info.plist */ = {isa = PBXFileReference; lastKnownFileType = text.plist.xml; path = Info.plist; sourceTree = "<group>"; };
		2B8DDED5218C1CAB0078AA67 /* MainCollectionViewController.swift */ = {isa = PBXFileReference; lastKnownFileType = sourcecode.swift; path = MainCollectionViewController.swift; sourceTree = "<group>"; };
		2B8DDED7218C1D8E0078AA67 /* CollectionViewCell.swift */ = {isa = PBXFileReference; lastKnownFileType = sourcecode.swift; path = CollectionViewCell.swift; sourceTree = "<group>"; };
		2B8DDED9218C20C80078AA67 /* Item+CoreDataClass.swift */ = {isa = PBXFileReference; lastKnownFileType = sourcecode.swift; path = "Item+CoreDataClass.swift"; sourceTree = "<group>"; };
		2B8DDEDA218C20C80078AA67 /* Item+CoreDataProperties.swift */ = {isa = PBXFileReference; lastKnownFileType = sourcecode.swift; path = "Item+CoreDataProperties.swift"; sourceTree = "<group>"; };
		2B8DDEDE218C21230078AA67 /* Items.plist */ = {isa = PBXFileReference; lastKnownFileType = text.plist.xml; path = Items.plist; sourceTree = "<group>"; };
		2B8DDEE0218C28650078AA67 /* CollectionReusableView.swift */ = {isa = PBXFileReference; lastKnownFileType = sourcecode.swift; path = CollectionReusableView.swift; sourceTree = "<group>"; };
		502FC677A03610195FD39E00 /* Pods_CollectionViewWithSectionsDemo.framework */ = {isa = PBXFileReference; explicitFileType = wrapper.framework; includeInIndex = 0; path = Pods_CollectionViewWithSectionsDemo.framework; sourceTree = BUILT_PRODUCTS_DIR; };
		55BF817C67CDAEFB49903FC7 /* Pods-CollectionViewWithSectionsDemo.debug.xcconfig */ = {isa = PBXFileReference; includeInIndex = 1; lastKnownFileType = text.xcconfig; name = "Pods-CollectionViewWithSectionsDemo.debug.xcconfig"; path = "Pods/Target Support Files/Pods-CollectionViewWithSectionsDemo/Pods-CollectionViewWithSectionsDemo.debug.xcconfig"; sourceTree = "<group>"; };
		A3269B65219249CF00567C44 /* ItemsArray.swift */ = {isa = PBXFileReference; lastKnownFileType = sourcecode.swift; path = ItemsArray.swift; sourceTree = "<group>"; };
/* End PBXFileReference section */

/* Begin PBXFrameworksBuildPhase section */
		2B8DDEBA218C1C650078AA67 /* Frameworks */ = {
			isa = PBXFrameworksBuildPhase;
			buildActionMask = 2147483647;
			files = (
				EFEF760E444FFA7496B62293 /* Pods_CollectionViewWithSectionsDemo.framework in Frameworks */,
			);
			runOnlyForDeploymentPostprocessing = 0;
		};
/* End PBXFrameworksBuildPhase section */

/* Begin PBXGroup section */
		284D25603A9DDE18A09D8AAD /* Pods */ = {
			isa = PBXGroup;
			children = (
				55BF817C67CDAEFB49903FC7 /* Pods-CollectionViewWithSectionsDemo.debug.xcconfig */,
				1BC917D0304FEC52DF688C6D /* Pods-CollectionViewWithSectionsDemo.release.xcconfig */,
			);
			name = Pods;
			sourceTree = "<group>";
		};
		2B8DDEB4218C1C650078AA67 = {
			isa = PBXGroup;
			children = (
				2B8DDEBF218C1C650078AA67 /* CollectionViewWithSectionsDemo */,
				2B8DDEBE218C1C650078AA67 /* Products */,
				284D25603A9DDE18A09D8AAD /* Pods */,
				365A75C4059350DCBA519AA4 /* Frameworks */,
			);
			sourceTree = "<group>";
		};
		2B8DDEBE218C1C650078AA67 /* Products */ = {
			isa = PBXGroup;
			children = (
				2B8DDEBD218C1C650078AA67 /* CollectionViewWithSectionsDemo.app */,
			);
			name = Products;
			sourceTree = "<group>";
		};
		2B8DDEBF218C1C650078AA67 /* CollectionViewWithSectionsDemo */ = {
			isa = PBXGroup;
			children = (
				2B8DDEDD218C20EC0078AA67 /* Models */,
				A3269B65219249CF00567C44 /* ItemsArray.swift */,
				2B8DDED5218C1CAB0078AA67 /* MainCollectionViewController.swift */,
				2B86F9A621903EFC00088360 /* NewItemViewController.swift */,
				2B8DDED7218C1D8E0078AA67 /* CollectionViewCell.swift */,
				2B8DDEE0218C28650078AA67 /* CollectionReusableView.swift */,
				2B8DDEC0218C1C650078AA67 /* AppDelegate.swift */,
				2B8DDEC4218C1C650078AA67 /* Main.storyboard */,
				2B8DDECC218C1C670078AA67 /* LaunchScreen.storyboard */,
				2B8DDEDE218C21230078AA67 /* Items.plist */,
				2B8DDECF218C1C670078AA67 /* Info.plist */,
				2B8DDEC7218C1C650078AA67 /* CollectionViewWithSectionsDemo.xcdatamodeld */,
				2B8DDECA218C1C670078AA67 /* Assets.xcassets */,
			);
			path = CollectionViewWithSectionsDemo;
			sourceTree = "<group>";
		};
		2B8DDEDD218C20EC0078AA67 /* Models */ = {
			isa = PBXGroup;
			children = (
				2B8DDED9218C20C80078AA67 /* Item+CoreDataClass.swift */,
				2B8DDEDA218C20C80078AA67 /* Item+CoreDataProperties.swift */,
			);
			path = Models;
			sourceTree = "<group>";
		};
		365A75C4059350DCBA519AA4 /* Frameworks */ = {
			isa = PBXGroup;
			children = (
				502FC677A03610195FD39E00 /* Pods_CollectionViewWithSectionsDemo.framework */,
			);
			name = Frameworks;
			sourceTree = "<group>";
		};
/* End PBXGroup section */

/* Begin PBXNativeTarget section */
		2B8DDEBC218C1C650078AA67 /* CollectionViewWithSectionsDemo */ = {
			isa = PBXNativeTarget;
			buildConfigurationList = 2B8DDED2218C1C670078AA67 /* Build configuration list for PBXNativeTarget "CollectionViewWithSectionsDemo" */;
			buildPhases = (
				52D073F3BF69FF3864BAC2DC /* [CP] Check Pods Manifest.lock */,
				2B8DDEB9218C1C650078AA67 /* Sources */,
				2B8DDEBA218C1C650078AA67 /* Frameworks */,
				2B8DDEBB218C1C650078AA67 /* Resources */,
				3BCCECC531C94628EA89E151 /* [CP] Embed Pods Frameworks */,
			);
			buildRules = (
			);
			dependencies = (
			);
			name = CollectionViewWithSectionsDemo;
			productName = CollectionViewWithSectionsDemo;
			productReference = 2B8DDEBD218C1C650078AA67 /* CollectionViewWithSectionsDemo.app */;
			productType = "com.apple.product-type.application";
		};
/* End PBXNativeTarget section */

/* Begin PBXProject section */
		2B8DDEB5218C1C650078AA67 /* Project object */ = {
			isa = PBXProject;
			attributes = {
				LastSwiftUpdateCheck = 1000;
				LastUpgradeCheck = 1000;
				ORGANIZATIONNAME = "Artyom Grigoryan";
				TargetAttributes = {
					2B8DDEBC218C1C650078AA67 = {
						CreatedOnToolsVersion = 10.0;
					};
				};
			};
			buildConfigurationList = 2B8DDEB8218C1C650078AA67 /* Build configuration list for PBXProject "CollectionViewWithSectionsDemo" */;
			compatibilityVersion = "Xcode 9.3";
			developmentRegion = en;
			hasScannedForEncodings = 0;
			knownRegions = (
				en,
				Base,
			);
			mainGroup = 2B8DDEB4218C1C650078AA67;
			productRefGroup = 2B8DDEBE218C1C650078AA67 /* Products */;
			projectDirPath = "";
			projectRoot = "";
			targets = (
				2B8DDEBC218C1C650078AA67 /* CollectionViewWithSectionsDemo */,
			);
		};
/* End PBXProject section */

/* Begin PBXResourcesBuildPhase section */
		2B8DDEBB218C1C650078AA67 /* Resources */ = {
			isa = PBXResourcesBuildPhase;
			buildActionMask = 2147483647;
			files = (
				2B8DDECE218C1C670078AA67 /* LaunchScreen.storyboard in Resources */,
				2B8DDECB218C1C670078AA67 /* Assets.xcassets in Resources */,
				2B8DDEC6218C1C650078AA67 /* Main.storyboard in Resources */,
				2B8DDEDF218C21230078AA67 /* Items.plist in Resources */,
			);
			runOnlyForDeploymentPostprocessing = 0;
		};
/* End PBXResourcesBuildPhase section */

/* Begin PBXShellScriptBuildPhase section */
		3BCCECC531C94628EA89E151 /* [CP] Embed Pods Frameworks */ = {
			isa = PBXShellScriptBuildPhase;
			buildActionMask = 2147483647;
			files = (
			);
			inputPaths = (
				"${SRCROOT}/Pods/Target Support Files/Pods-CollectionViewWithSectionsDemo/Pods-CollectionViewWithSectionsDemo-frameworks.sh",
				"${BUILT_PRODUCTS_DIR}/Differ/Differ.framework",
			);
			name = "[CP] Embed Pods Frameworks";
			outputPaths = (
				"${TARGET_BUILD_DIR}/${FRAMEWORKS_FOLDER_PATH}/Differ.framework",
			);
			runOnlyForDeploymentPostprocessing = 0;
			shellPath = /bin/sh;
			shellScript = "\"${SRCROOT}/Pods/Target Support Files/Pods-CollectionViewWithSectionsDemo/Pods-CollectionViewWithSectionsDemo-frameworks.sh\"\n";
			showEnvVarsInLog = 0;
		};
		52D073F3BF69FF3864BAC2DC /* [CP] Check Pods Manifest.lock */ = {
			isa = PBXShellScriptBuildPhase;
			buildActionMask = 2147483647;
			files = (
			);
			inputPaths = (
				"${PODS_PODFILE_DIR_PATH}/Podfile.lock",
				"${PODS_ROOT}/Manifest.lock",
			);
			name = "[CP] Check Pods Manifest.lock";
			outputPaths = (
				"$(DERIVED_FILE_DIR)/Pods-CollectionViewWithSectionsDemo-checkManifestLockResult.txt",
			);
			runOnlyForDeploymentPostprocessing = 0;
			shellPath = /bin/sh;
			shellScript = "diff \"${PODS_PODFILE_DIR_PATH}/Podfile.lock\" \"${PODS_ROOT}/Manifest.lock\" > /dev/null\nif [ $? != 0 ] ; then\n    # print error to STDERR\n    echo \"error: The sandbox is not in sync with the Podfile.lock. Run 'pod install' or update your CocoaPods installation.\" >&2\n    exit 1\nfi\n# This output is used by Xcode 'outputs' to avoid re-running this script phase.\necho \"SUCCESS\" > \"${SCRIPT_OUTPUT_FILE_0}\"\n";
			showEnvVarsInLog = 0;
		};
/* End PBXShellScriptBuildPhase section */

/* Begin PBXSourcesBuildPhase section */
		2B8DDEB9218C1C650078AA67 /* Sources */ = {
			isa = PBXSourcesBuildPhase;
			buildActionMask = 2147483647;
			files = (
				2B8DDEE1218C28650078AA67 /* CollectionReusableView.swift in Sources */,
				2B8DDEDC218C20C80078AA67 /* Item+CoreDataProperties.swift in Sources */,
				A3269B66219249CF00567C44 /* ItemsArray.swift in Sources */,
				2B8DDEDB218C20C80078AA67 /* Item+CoreDataClass.swift in Sources */,
				2B8DDEC9218C1C650078AA67 /* CollectionViewWithSectionsDemo.xcdatamodeld in Sources */,
				2B8DDED6218C1CAB0078AA67 /* MainCollectionViewController.swift in Sources */,
				2B8DDED8218C1D8E0078AA67 /* CollectionViewCell.swift in Sources */,
				2B86F9A721903EFC00088360 /* NewItemViewController.swift in Sources */,
				2B8DDEC1218C1C650078AA67 /* AppDelegate.swift in Sources */,
			);
			runOnlyForDeploymentPostprocessing = 0;
		};
/* End PBXSourcesBuildPhase section */

/* Begin PBXVariantGroup section */
		2B8DDEC4218C1C650078AA67 /* Main.storyboard */ = {
			isa = PBXVariantGroup;
			children = (
				2B8DDEC5218C1C650078AA67 /* Base */,
			);
			name = Main.storyboard;
			sourceTree = "<group>";
		};
		2B8DDECC218C1C670078AA67 /* LaunchScreen.storyboard */ = {
			isa = PBXVariantGroup;
			children = (
				2B8DDECD218C1C670078AA67 /* Base */,
			);
			name = LaunchScreen.storyboard;
			sourceTree = "<group>";
		};
/* End PBXVariantGroup section */

/* Begin XCBuildConfiguration section */
		2B8DDED0218C1C670078AA67 /* Debug */ = {
			isa = XCBuildConfiguration;
			buildSettings = {
				ALWAYS_SEARCH_USER_PATHS = NO;
				CLANG_ANALYZER_NONNULL = YES;
				CLANG_ANALYZER_NUMBER_OBJECT_CONVERSION = YES_AGGRESSIVE;
				CLANG_CXX_LANGUAGE_STANDARD = "gnu++14";
				CLANG_CXX_LIBRARY = "libc++";
				CLANG_ENABLE_MODULES = YES;
				CLANG_ENABLE_OBJC_ARC = YES;
				CLANG_ENABLE_OBJC_WEAK = YES;
				CLANG_WARN_BLOCK_CAPTURE_AUTORELEASING = YES;
				CLANG_WARN_BOOL_CONVERSION = YES;
				CLANG_WARN_COMMA = YES;
				CLANG_WARN_CONSTANT_CONVERSION = YES;
				CLANG_WARN_DEPRECATED_OBJC_IMPLEMENTATIONS = YES;
				CLANG_WARN_DIRECT_OBJC_ISA_USAGE = YES_ERROR;
				CLANG_WARN_DOCUMENTATION_COMMENTS = YES;
				CLANG_WARN_EMPTY_BODY = YES;
				CLANG_WARN_ENUM_CONVERSION = YES;
				CLANG_WARN_INFINITE_RECURSION = YES;
				CLANG_WARN_INT_CONVERSION = YES;
				CLANG_WARN_NON_LITERAL_NULL_CONVERSION = YES;
				CLANG_WARN_OBJC_IMPLICIT_RETAIN_SELF = YES;
				CLANG_WARN_OBJC_LITERAL_CONVERSION = YES;
				CLANG_WARN_OBJC_ROOT_CLASS = YES_ERROR;
				CLANG_WARN_RANGE_LOOP_ANALYSIS = YES;
				CLANG_WARN_STRICT_PROTOTYPES = YES;
				CLANG_WARN_SUSPICIOUS_MOVE = YES;
				CLANG_WARN_UNGUARDED_AVAILABILITY = YES_AGGRESSIVE;
				CLANG_WARN_UNREACHABLE_CODE = YES;
				CLANG_WARN__DUPLICATE_METHOD_MATCH = YES;
				CODE_SIGN_IDENTITY = "iPhone Developer";
				COPY_PHASE_STRIP = NO;
				DEBUG_INFORMATION_FORMAT = dwarf;
				ENABLE_STRICT_OBJC_MSGSEND = YES;
				ENABLE_TESTABILITY = YES;
				GCC_C_LANGUAGE_STANDARD = gnu11;
				GCC_DYNAMIC_NO_PIC = NO;
				GCC_NO_COMMON_BLOCKS = YES;
				GCC_OPTIMIZATION_LEVEL = 0;
				GCC_PREPROCESSOR_DEFINITIONS = (
					"DEBUG=1",
					"$(inherited)",
				);
				GCC_WARN_64_TO_32_BIT_CONVERSION = YES;
				GCC_WARN_ABOUT_RETURN_TYPE = YES_ERROR;
				GCC_WARN_UNDECLARED_SELECTOR = YES;
				GCC_WARN_UNINITIALIZED_AUTOS = YES_AGGRESSIVE;
				GCC_WARN_UNUSED_FUNCTION = YES;
				GCC_WARN_UNUSED_VARIABLE = YES;
				IPHONEOS_DEPLOYMENT_TARGET = 12.0;
				MTL_ENABLE_DEBUG_INFO = INCLUDE_SOURCE;
				MTL_FAST_MATH = YES;
				ONLY_ACTIVE_ARCH = YES;
				SDKROOT = iphoneos;
				SWIFT_ACTIVE_COMPILATION_CONDITIONS = DEBUG;
				SWIFT_OPTIMIZATION_LEVEL = "-Onone";
			};
			name = Debug;
		};
		2B8DDED1218C1C670078AA67 /* Release */ = {
			isa = XCBuildConfiguration;
			buildSettings = {
				ALWAYS_SEARCH_USER_PATHS = NO;
				CLANG_ANALYZER_NONNULL = YES;
				CLANG_ANALYZER_NUMBER_OBJECT_CONVERSION = YES_AGGRESSIVE;
				CLANG_CXX_LANGUAGE_STANDARD = "gnu++14";
				CLANG_CXX_LIBRARY = "libc++";
				CLANG_ENABLE_MODULES = YES;
				CLANG_ENABLE_OBJC_ARC = YES;
				CLANG_ENABLE_OBJC_WEAK = YES;
				CLANG_WARN_BLOCK_CAPTURE_AUTORELEASING = YES;
				CLANG_WARN_BOOL_CONVERSION = YES;
				CLANG_WARN_COMMA = YES;
				CLANG_WARN_CONSTANT_CONVERSION = YES;
				CLANG_WARN_DEPRECATED_OBJC_IMPLEMENTATIONS = YES;
				CLANG_WARN_DIRECT_OBJC_ISA_USAGE = YES_ERROR;
				CLANG_WARN_DOCUMENTATION_COMMENTS = YES;
				CLANG_WARN_EMPTY_BODY = YES;
				CLANG_WARN_ENUM_CONVERSION = YES;
				CLANG_WARN_INFINITE_RECURSION = YES;
				CLANG_WARN_INT_CONVERSION = YES;
				CLANG_WARN_NON_LITERAL_NULL_CONVERSION = YES;
				CLANG_WARN_OBJC_IMPLICIT_RETAIN_SELF = YES;
				CLANG_WARN_OBJC_LITERAL_CONVERSION = YES;
				CLANG_WARN_OBJC_ROOT_CLASS = YES_ERROR;
				CLANG_WARN_RANGE_LOOP_ANALYSIS = YES;
				CLANG_WARN_STRICT_PROTOTYPES = YES;
				CLANG_WARN_SUSPICIOUS_MOVE = YES;
				CLANG_WARN_UNGUARDED_AVAILABILITY = YES_AGGRESSIVE;
				CLANG_WARN_UNREACHABLE_CODE = YES;
				CLANG_WARN__DUPLICATE_METHOD_MATCH = YES;
				CODE_SIGN_IDENTITY = "iPhone Developer";
				COPY_PHASE_STRIP = NO;
				DEBUG_INFORMATION_FORMAT = "dwarf-with-dsym";
				ENABLE_NS_ASSERTIONS = NO;
				ENABLE_STRICT_OBJC_MSGSEND = YES;
				GCC_C_LANGUAGE_STANDARD = gnu11;
				GCC_NO_COMMON_BLOCKS = YES;
				GCC_WARN_64_TO_32_BIT_CONVERSION = YES;
				GCC_WARN_ABOUT_RETURN_TYPE = YES_ERROR;
				GCC_WARN_UNDECLARED_SELECTOR = YES;
				GCC_WARN_UNINITIALIZED_AUTOS = YES_AGGRESSIVE;
				GCC_WARN_UNUSED_FUNCTION = YES;
				GCC_WARN_UNUSED_VARIABLE = YES;
				IPHONEOS_DEPLOYMENT_TARGET = 12.0;
				MTL_ENABLE_DEBUG_INFO = NO;
				MTL_FAST_MATH = YES;
				SDKROOT = iphoneos;
				SWIFT_COMPILATION_MODE = wholemodule;
				SWIFT_OPTIMIZATION_LEVEL = "-O";
				VALIDATE_PRODUCT = YES;
			};
			name = Release;
		};
		2B8DDED3218C1C670078AA67 /* Debug */ = {
			isa = XCBuildConfiguration;
			baseConfigurationReference = 55BF817C67CDAEFB49903FC7 /* Pods-CollectionViewWithSectionsDemo.debug.xcconfig */;
			buildSettings = {
				ASSETCATALOG_COMPILER_APPICON_NAME = AppIcon;
				CODE_SIGN_STYLE = Automatic;
				DEVELOPMENT_TEAM = QMVZ37K9BV;
				INFOPLIST_FILE = CollectionViewWithSectionsDemo/Info.plist;
				LD_RUNPATH_SEARCH_PATHS = (
					"$(inherited)",
					"@executable_path/Frameworks",
				);
				PRODUCT_BUNDLE_IDENTIFIER = com.ArtyomGrigoryan.CollectionViewWithSectionsDemo;
				PRODUCT_NAME = "$(TARGET_NAME)";
				SWIFT_VERSION = 4.2;
				TARGETED_DEVICE_FAMILY = "1,2";
			};
			name = Debug;
		};
		2B8DDED4218C1C670078AA67 /* Release */ = {
			isa = XCBuildConfiguration;
			baseConfigurationReference = 1BC917D0304FEC52DF688C6D /* Pods-CollectionViewWithSectionsDemo.release.xcconfig */;
			buildSettings = {
				ASSETCATALOG_COMPILER_APPICON_NAME = AppIcon;
				CODE_SIGN_STYLE = Automatic;
				DEVELOPMENT_TEAM = QMVZ37K9BV;
				INFOPLIST_FILE = CollectionViewWithSectionsDemo/Info.plist;
				LD_RUNPATH_SEARCH_PATHS = (
					"$(inherited)",
					"@executable_path/Frameworks",
				);
				PRODUCT_BUNDLE_IDENTIFIER = com.ArtyomGrigoryan.CollectionViewWithSectionsDemo;
				PRODUCT_NAME = "$(TARGET_NAME)";
				SWIFT_VERSION = 4.2;
				TARGETED_DEVICE_FAMILY = "1,2";
			};
			name = Release;
		};
/* End XCBuildConfiguration section */

/* Begin XCConfigurationList section */
		2B8DDEB8218C1C650078AA67 /* Build configuration list for PBXProject "CollectionViewWithSectionsDemo" */ = {
			isa = XCConfigurationList;
			buildConfigurations = (
				2B8DDED0218C1C670078AA67 /* Debug */,
				2B8DDED1218C1C670078AA67 /* Release */,
			);
			defaultConfigurationIsVisible = 0;
			defaultConfigurationName = Release;
		};
		2B8DDED2218C1C670078AA67 /* Build configuration list for PBXNativeTarget "CollectionViewWithSectionsDemo" */ = {
			isa = XCConfigurationList;
			buildConfigurations = (
				2B8DDED3218C1C670078AA67 /* Debug */,
				2B8DDED4218C1C670078AA67 /* Release */,
			);
			defaultConfigurationIsVisible = 0;
			defaultConfigurationName = Release;
		};
/* End XCConfigurationList section */

/* Begin XCVersionGroup section */
		2B8DDEC7218C1C650078AA67 /* CollectionViewWithSectionsDemo.xcdatamodeld */ = {
			isa = XCVersionGroup;
			children = (
				2B8DDEC8218C1C650078AA67 /* CollectionViewWithSectionsDemo.xcdatamodel */,
			);
			currentVersion = 2B8DDEC8218C1C650078AA67 /* CollectionViewWithSectionsDemo.xcdatamodel */;
			path = CollectionViewWithSectionsDemo.xcdatamodeld;
			sourceTree = "<group>";
			versionGroupType = wrapper.xcdatamodel;
		};
/* End XCVersionGroup section */
	};
	rootObject = 2B8DDEB5218C1C650078AA67 /* Project object */;
}
